
Microsoft Visual Studio Solution File, Format Version 12.00
# Visual Studio 15
VisualStudioVersion = 15.0.27703.2026
MinimumVisualStudioVersion = 10.0.40219.1
Project("{8BC9CEB8-8B4A-11D0-8D11-00A0C91BC942}") = "MultiPutty", "MultiPutty\MultiPutty.vcxproj", "{F9E857D3-1EC4-4358-8941-96AC91156B58}"
EndProject
Global
	GlobalSection(SolutionConfigurationPlatforms) = preSolution
		Debug|Win32 = Debug|Win32
		Profiler|Win32 = Profiler|Win32
		Release|Win32 = Release|Win32
	EndGlobalSection
	GlobalSection(ProjectConfigurationPlatforms) = postSolution
		{F9E857D3-1EC4-4358-8941-96AC91156B58}.Debug|Win32.ActiveCfg = Debug|Win32
		{F9E857D3-1EC4-4358-8941-96AC91156B58}.Debug|Win32.Build.0 = Debug|Win32
		{F9E857D3-1EC4-4358-8941-96AC91156B58}.Profiler|Win32.ActiveCfg = Profiler|Win32
		{F9E857D3-1EC4-4358-8941-96AC91156B58}.Profiler|Win32.Build.0 = Profiler|Win32
		{F9E857D3-1EC4-4358-8941-96AC91156B58}.Release|Win32.ActiveCfg = Release|Win32
		{F9E857D3-1EC4-4358-8941-96AC91156B58}.Release|Win32.Build.0 = Release|Win32
	EndGlobalSection
	GlobalSection(SolutionProperties) = preSolution
		HideSolutionNode = FALSE
	EndGlobalSection
	GlobalSection(ExtensibilityGlobals) = postSolution
		SolutionGuid = {2AB8C830-0F13-4628-872A-EF04886D1B64}
	EndGlobalSection
EndGlobal
